// !$*UTF8*$!
{
	archiveVersion = 1;
	classes = {
	};
	objectVersion = 50;
	objects = {

/* Begin PBXBuildFile section */
		B90315FE25758D7200451892 /* AppDelegate.swift in Sources */ = {isa = PBXBuildFile; fileRef = B90315FD25758D7200451892 /* AppDelegate.swift */; };
		B903160025758D7200451892 /* SceneDelegate.swift in Sources */ = {isa = PBXBuildFile; fileRef = B90315FF25758D7200451892 /* SceneDelegate.swift */; };
		B903160525758D7200451892 /* Restaurants.storyboard in Resources */ = {isa = PBXBuildFile; fileRef = B903160325758D7200451892 /* Restaurants.storyboard */; };
		B903160725758D7300451892 /* Assets.xcassets in Resources */ = {isa = PBXBuildFile; fileRef = B903160625758D7300451892 /* Assets.xcassets */; };
		B903160A25758D7300451892 /* LaunchScreen.storyboard in Resources */ = {isa = PBXBuildFile; fileRef = B903160825758D7300451892 /* LaunchScreen.storyboard */; };
		B903161525758D7400451892 /* TestRestaurants.swift in Sources */ = {isa = PBXBuildFile; fileRef = B903161425758D7400451892 /* TestRestaurants.swift */; };
		B903163C25758DD500451892 /* Restaurant.swift in Sources */ = {isa = PBXBuildFile; fileRef = B903163B25758DD500451892 /* Restaurant.swift */; };
		B903164225758E4200451892 /* AppRestaurant.swift in Sources */ = {isa = PBXBuildFile; fileRef = B903164125758E4200451892 /* AppRestaurant.swift */; };
		B9031652257592F400451892 /* RestaurantApi.swift in Sources */ = {isa = PBXBuildFile; fileRef = B9031651257592F400451892 /* RestaurantApi.swift */; };
		B90316602575990700451892 /* Coordinator.swift in Sources */ = {isa = PBXBuildFile; fileRef = B903165F2575990700451892 /* Coordinator.swift */; };
		B9031665257599E400451892 /* RestaurantsCoodinator.swift in Sources */ = {isa = PBXBuildFile; fileRef = B9031664257599E400451892 /* RestaurantsCoodinator.swift */; };
		B903167425759AED00451892 /* StoryboardInstantiable.swift in Sources */ = {isa = PBXBuildFile; fileRef = B903167325759AED00451892 /* StoryboardInstantiable.swift */; };
		B903168225759CC400451892 /* Observable.swift in Sources */ = {isa = PBXBuildFile; fileRef = B903168125759CC400451892 /* Observable.swift */; };
		B95E44A92575DF3100C966AE /* README.md in Resources */ = {isa = PBXBuildFile; fileRef = B95E44A72575DF3100C966AE /* README.md */; };
		B95E44AA2575DF3100C966AE /* LICENSE in Resources */ = {isa = PBXBuildFile; fileRef = B95E44A82575DF3100C966AE /* LICENSE */; };
		B9F806872575A06E0096C144 /* RestaurantsViewModel.swift in Sources */ = {isa = PBXBuildFile; fileRef = B9F806862575A06E0096C144 /* RestaurantsViewModel.swift */; };
		B9F8068F2575A15A0096C144 /* AppRestaurantsViewModel.swift in Sources */ = {isa = PBXBuildFile; fileRef = B9F8068E2575A1590096C144 /* AppRestaurantsViewModel.swift */; };
		B9F806982575A59A0096C144 /* UIViewController+Extensions.swift in Sources */ = {isa = PBXBuildFile; fileRef = B9F806972575A59A0096C144 /* UIViewController+Extensions.swift */; };
		B9F8069D2575A6160096C144 /* API.swift in Sources */ = {isa = PBXBuildFile; fileRef = B9F8069C2575A6160096C144 /* API.swift */; };
		B9F806A22575A62A0096C144 /* APIError.swift in Sources */ = {isa = PBXBuildFile; fileRef = B9F806A12575A62A0096C144 /* APIError.swift */; };
		B9F806A92575A6B40096C144 /* RestaurantCell.swift in Sources */ = {isa = PBXBuildFile; fileRef = B9F806A72575A6B40096C144 /* RestaurantCell.swift */; };
		B9F806AA2575A6B40096C144 /* RestaurantCell.xib in Resources */ = {isa = PBXBuildFile; fileRef = B9F806A82575A6B40096C144 /* RestaurantCell.xib */; };
		B9F806B32575BD8E0096C144 /* Restaurant.json in Resources */ = {isa = PBXBuildFile; fileRef = B9F806B22575BD8E0096C144 /* Restaurant.json */; };
		B9F806BB2575BDC50096C144 /* Restaurants.json in Resources */ = {isa = PBXBuildFile; fileRef = B9F806BA2575BDC50096C144 /* Restaurants.json */; };
		B9F806C42575BE090096C144 /* MockAPI.swift in Sources */ = {isa = PBXBuildFile; fileRef = B9F806C32575BE090096C144 /* MockAPI.swift */; };
		B9F806CF2575C3630096C144 /* TestViewModel.swift in Sources */ = {isa = PBXBuildFile; fileRef = B9F806CE2575C3630096C144 /* TestViewModel.swift */; };
		B9F806D42575C6C60096C144 /* TestConcreteAPI.swift in Sources */ = {isa = PBXBuildFile; fileRef = B9F806D32575C6C60096C144 /* TestConcreteAPI.swift */; };
		B9F806DF2575C8A80096C144 /* TestMiscClasses.swift in Sources */ = {isa = PBXBuildFile; fileRef = B9F806DE2575C8A80096C144 /* TestMiscClasses.swift */; };
		B9F806EB2575CF810096C144 /* Appearance.swift in Sources */ = {isa = PBXBuildFile; fileRef = B9F806EA2575CF810096C144 /* Appearance.swift */; };
		B9F806F02575D0080096C144 /* DefaultAppearance.swift in Sources */ = {isa = PBXBuildFile; fileRef = B9F806EF2575D0080096C144 /* DefaultAppearance.swift */; };
		B9F806F82575D09C0096C144 /* Colors.xcassets in Resources */ = {isa = PBXBuildFile; fileRef = B9F806F72575D09C0096C144 /* Colors.xcassets */; };
		B9F807032575D4FE0096C144 /* RestaurantsController.swift in Sources */ = {isa = PBXBuildFile; fileRef = B9F807022575D4FE0096C144 /* RestaurantsController.swift */; };
/* End PBXBuildFile section */

/* Begin PBXContainerItemProxy section */
		B903161125758D7400451892 /* PBXContainerItemProxy */ = {
			isa = PBXContainerItemProxy;
			containerPortal = B90315F225758D7200451892 /* Project object */;
			proxyType = 1;
			remoteGlobalIDString = B90315F925758D7200451892;
			remoteInfo = Restaurants;
		};
/* End PBXContainerItemProxy section */

/* Begin PBXFileReference section */
		B90315FA25758D7200451892 /* Restaurants.app */ = {isa = PBXFileReference; explicitFileType = wrapper.application; includeInIndex = 0; path = Restaurants.app; sourceTree = BUILT_PRODUCTS_DIR; };
		B90315FD25758D7200451892 /* AppDelegate.swift */ = {isa = PBXFileReference; lastKnownFileType = sourcecode.swift; path = AppDelegate.swift; sourceTree = "<group>"; };
		B90315FF25758D7200451892 /* SceneDelegate.swift */ = {isa = PBXFileReference; lastKnownFileType = sourcecode.swift; path = SceneDelegate.swift; sourceTree = "<group>"; };
		B903160425758D7200451892 /* Base */ = {isa = PBXFileReference; lastKnownFileType = file.storyboard; name = Base; path = Base.lproj/Restaurants.storyboard; sourceTree = "<group>"; };
		B903160625758D7300451892 /* Assets.xcassets */ = {isa = PBXFileReference; lastKnownFileType = folder.assetcatalog; path = Assets.xcassets; sourceTree = "<group>"; };
		B903160925758D7300451892 /* Base */ = {isa = PBXFileReference; lastKnownFileType = file.storyboard; name = Base; path = Base.lproj/LaunchScreen.storyboard; sourceTree = "<group>"; };
		B903160B25758D7300451892 /* Info.plist */ = {isa = PBXFileReference; lastKnownFileType = text.plist.xml; path = Info.plist; sourceTree = "<group>"; };
		B903161025758D7400451892 /* RestaurantsTests.xctest */ = {isa = PBXFileReference; explicitFileType = wrapper.cfbundle; includeInIndex = 0; path = RestaurantsTests.xctest; sourceTree = BUILT_PRODUCTS_DIR; };
		B903161425758D7400451892 /* TestRestaurants.swift */ = {isa = PBXFileReference; lastKnownFileType = sourcecode.swift; path = TestRestaurants.swift; sourceTree = "<group>"; };
		B903161625758D7400451892 /* Info.plist */ = {isa = PBXFileReference; lastKnownFileType = text.plist.xml; path = Info.plist; sourceTree = "<group>"; };
		B903163B25758DD500451892 /* Restaurant.swift */ = {isa = PBXFileReference; lastKnownFileType = sourcecode.swift; path = Restaurant.swift; sourceTree = "<group>"; };
		B903164125758E4200451892 /* AppRestaurant.swift */ = {isa = PBXFileReference; lastKnownFileType = sourcecode.swift; path = AppRestaurant.swift; sourceTree = "<group>"; };
		B9031651257592F400451892 /* RestaurantApi.swift */ = {isa = PBXFileReference; lastKnownFileType = sourcecode.swift; path = RestaurantApi.swift; sourceTree = "<group>"; };
		B903165F2575990700451892 /* Coordinator.swift */ = {isa = PBXFileReference; lastKnownFileType = sourcecode.swift; path = Coordinator.swift; sourceTree = "<group>"; };
		B9031664257599E400451892 /* RestaurantsCoodinator.swift */ = {isa = PBXFileReference; lastKnownFileType = sourcecode.swift; path = RestaurantsCoodinator.swift; sourceTree = "<group>"; };
		B903167325759AED00451892 /* StoryboardInstantiable.swift */ = {isa = PBXFileReference; lastKnownFileType = sourcecode.swift; path = StoryboardInstantiable.swift; sourceTree = "<group>"; };
		B903168125759CC400451892 /* Observable.swift */ = {isa = PBXFileReference; lastKnownFileType = sourcecode.swift; path = Observable.swift; sourceTree = "<group>"; };
		B95E44A72575DF3100C966AE /* README.md */ = {isa = PBXFileReference; fileEncoding = 4; lastKnownFileType = net.daringfireball.markdown; path = README.md; sourceTree = "<group>"; };
		B95E44A82575DF3100C966AE /* LICENSE */ = {isa = PBXFileReference; fileEncoding = 4; lastKnownFileType = text; path = LICENSE; sourceTree = "<group>"; };
		B9F806862575A06E0096C144 /* RestaurantsViewModel.swift */ = {isa = PBXFileReference; lastKnownFileType = sourcecode.swift; path = RestaurantsViewModel.swift; sourceTree = "<group>"; };
		B9F8068E2575A1590096C144 /* AppRestaurantsViewModel.swift */ = {isa = PBXFileReference; lastKnownFileType = sourcecode.swift; path = AppRestaurantsViewModel.swift; sourceTree = "<group>"; };
		B9F806972575A59A0096C144 /* UIViewController+Extensions.swift */ = {isa = PBXFileReference; lastKnownFileType = sourcecode.swift; path = "UIViewController+Extensions.swift"; sourceTree = "<group>"; };
		B9F8069C2575A6160096C144 /* API.swift */ = {isa = PBXFileReference; lastKnownFileType = sourcecode.swift; path = API.swift; sourceTree = "<group>"; };
		B9F806A12575A62A0096C144 /* APIError.swift */ = {isa = PBXFileReference; lastKnownFileType = sourcecode.swift; path = APIError.swift; sourceTree = "<group>"; };
		B9F806A72575A6B40096C144 /* RestaurantCell.swift */ = {isa = PBXFileReference; lastKnownFileType = sourcecode.swift; path = RestaurantCell.swift; sourceTree = "<group>"; };
		B9F806A82575A6B40096C144 /* RestaurantCell.xib */ = {isa = PBXFileReference; lastKnownFileType = file.xib; path = RestaurantCell.xib; sourceTree = "<group>"; };
		B9F806B22575BD8E0096C144 /* Restaurant.json */ = {isa = PBXFileReference; lastKnownFileType = text.json; path = Restaurant.json; sourceTree = "<group>"; };
		B9F806BA2575BDC50096C144 /* Restaurants.json */ = {isa = PBXFileReference; lastKnownFileType = text.json; path = Restaurants.json; sourceTree = "<group>"; };
		B9F806C32575BE090096C144 /* MockAPI.swift */ = {isa = PBXFileReference; lastKnownFileType = sourcecode.swift; path = MockAPI.swift; sourceTree = "<group>"; };
		B9F806CE2575C3630096C144 /* TestViewModel.swift */ = {isa = PBXFileReference; lastKnownFileType = sourcecode.swift; path = TestViewModel.swift; sourceTree = "<group>"; };
		B9F806D32575C6C60096C144 /* TestConcreteAPI.swift */ = {isa = PBXFileReference; lastKnownFileType = sourcecode.swift; path = TestConcreteAPI.swift; sourceTree = "<group>"; };
		B9F806DE2575C8A80096C144 /* TestMiscClasses.swift */ = {isa = PBXFileReference; lastKnownFileType = sourcecode.swift; path = TestMiscClasses.swift; sourceTree = "<group>"; };
		B9F806EA2575CF810096C144 /* Appearance.swift */ = {isa = PBXFileReference; lastKnownFileType = sourcecode.swift; path = Appearance.swift; sourceTree = "<group>"; };
		B9F806EF2575D0080096C144 /* DefaultAppearance.swift */ = {isa = PBXFileReference; lastKnownFileType = sourcecode.swift; path = DefaultAppearance.swift; sourceTree = "<group>"; };
		B9F806F72575D09C0096C144 /* Colors.xcassets */ = {isa = PBXFileReference; lastKnownFileType = folder.assetcatalog; path = Colors.xcassets; sourceTree = "<group>"; };
		B9F807022575D4FE0096C144 /* RestaurantsController.swift */ = {isa = PBXFileReference; lastKnownFileType = sourcecode.swift; path = RestaurantsController.swift; sourceTree = "<group>"; };
/* End PBXFileReference section */

/* Begin PBXFrameworksBuildPhase section */
		B90315F725758D7200451892 /* Frameworks */ = {
			isa = PBXFrameworksBuildPhase;
			buildActionMask = 2147483647;
			files = (
			);
			runOnlyForDeploymentPostprocessing = 0;
		};
		B903160D25758D7300451892 /* Frameworks */ = {
			isa = PBXFrameworksBuildPhase;
			buildActionMask = 2147483647;
			files = (
			);
			runOnlyForDeploymentPostprocessing = 0;
		};
/* End PBXFrameworksBuildPhase section */

/* Begin PBXGroup section */
		B90315F125758D7200451892 = {
			isa = PBXGroup;
			children = (
				B95E44A82575DF3100C966AE /* LICENSE */,
				B95E44A72575DF3100C966AE /* README.md */,
				B90315FC25758D7200451892 /* Restaurants */,
				B903161325758D7400451892 /* RestaurantsTests */,
				B90315FB25758D7200451892 /* Products */,
			);
			sourceTree = "<group>";
		};
		B90315FB25758D7200451892 /* Products */ = {
			isa = PBXGroup;
			children = (
				B90315FA25758D7200451892 /* Restaurants.app */,
				B903161025758D7400451892 /* RestaurantsTests.xctest */,
			);
			name = Products;
			sourceTree = "<group>";
		};
		B90315FC25758D7200451892 /* Restaurants */ = {
			isa = PBXGroup;
			children = (
				B903163025758D7B00451892 /* Application */,
				B9F806962575A5860096C144 /* Extensions */,
				B9F806E92575CF690096C144 /* Helpers */,
				B903163A25758DB500451892 /* Model */,
				B903163925758DAE00451892 /* Networking */,
				B903163825758DA000451892 /* Resources */,
				B903163125758D8C00451892 /* Scenes */,
				B9F806A62575A6880096C144 /* Views */,
			);
			path = Restaurants;
			sourceTree = "<group>";
		};
		B903161325758D7400451892 /* RestaurantsTests */ = {
			isa = PBXGroup;
			children = (
				B903161625758D7400451892 /* Info.plist */,
				B9F806C22575BDE50096C144 /* Mocks */,
				B9F806B12575BD6E0096C144 /* TestData */,
				B903161425758D7400451892 /* TestRestaurants.swift */,
				B9F806CE2575C3630096C144 /* TestViewModel.swift */,
				B9F806D32575C6C60096C144 /* TestConcreteAPI.swift */,
				B9F806DE2575C8A80096C144 /* TestMiscClasses.swift */,
			);
			path = RestaurantsTests;
			sourceTree = "<group>";
		};
		B903163025758D7B00451892 /* Application */ = {
			isa = PBXGroup;
			children = (
				B90315FD25758D7200451892 /* AppDelegate.swift */,
				B90315FF25758D7200451892 /* SceneDelegate.swift */,
			);
			path = Application;
			sourceTree = "<group>";
		};
		B903163125758D8C00451892 /* Scenes */ = {
			isa = PBXGroup;
			children = (
				B903166C25759A4700451892 /* Restaurants */,
			);
			path = Scenes;
			sourceTree = "<group>";
		};
		B903163825758DA000451892 /* Resources */ = {
			isa = PBXGroup;
			children = (
				B903160625758D7300451892 /* Assets.xcassets */,
				B9F806F72575D09C0096C144 /* Colors.xcassets */,
				B903160B25758D7300451892 /* Info.plist */,
				B903160825758D7300451892 /* LaunchScreen.storyboard */,
			);
			path = Resources;
			sourceTree = "<group>";
		};
		B903163925758DAE00451892 /* Networking */ = {
			isa = PBXGroup;
			children = (
				B9F8069C2575A6160096C144 /* API.swift */,
				B9F806A12575A62A0096C144 /* APIError.swift */,
				B9031651257592F400451892 /* RestaurantApi.swift */,
			);
			path = Networking;
			sourceTree = "<group>";
		};
		B903163A25758DB500451892 /* Model */ = {
			isa = PBXGroup;
			children = (
				B903164025758E2B00451892 /* Protocols */,
				B903164125758E4200451892 /* AppRestaurant.swift */,
				B903165F2575990700451892 /* Coordinator.swift */,
				B903167325759AED00451892 /* StoryboardInstantiable.swift */,
				B903168125759CC400451892 /* Observable.swift */,
			);
			path = Model;
			sourceTree = "<group>";
		};
		B903164025758E2B00451892 /* Protocols */ = {
			isa = PBXGroup;
			children = (
				B903163B25758DD500451892 /* Restaurant.swift */,
			);
			path = Protocols;
			sourceTree = "<group>";
		};
		B903166C25759A4700451892 /* Restaurants */ = {
			isa = PBXGroup;
			children = (
				B9F8068E2575A1590096C144 /* AppRestaurantsViewModel.swift */,
				B903160325758D7200451892 /* Restaurants.storyboard */,
				B9F807022575D4FE0096C144 /* RestaurantsController.swift */,
				B9031664257599E400451892 /* RestaurantsCoodinator.swift */,
				B9F806862575A06E0096C144 /* RestaurantsViewModel.swift */,
			);
			path = Restaurants;
			sourceTree = "<group>";
		};
		B9F806962575A5860096C144 /* Extensions */ = {
			isa = PBXGroup;
			children = (
				B9F806972575A59A0096C144 /* UIViewController+Extensions.swift */,
			);
			path = Extensions;
			sourceTree = "<group>";
		};
		B9F806A62575A6880096C144 /* Views */ = {
			isa = PBXGroup;
			children = (
				B9F806A72575A6B40096C144 /* RestaurantCell.swift */,
				B9F806A82575A6B40096C144 /* RestaurantCell.xib */,
			);
			path = Views;
			sourceTree = "<group>";
		};
		B9F806B12575BD6E0096C144 /* TestData */ = {
			isa = PBXGroup;
			children = (
				B9F806B22575BD8E0096C144 /* Restaurant.json */,
				B9F806BA2575BDC50096C144 /* Restaurants.json */,
			);
			path = TestData;
			sourceTree = "<group>";
		};
		B9F806C22575BDE50096C144 /* Mocks */ = {
			isa = PBXGroup;
			children = (
				B9F806C32575BE090096C144 /* MockAPI.swift */,
			);
			path = Mocks;
			sourceTree = "<group>";
		};
		B9F806E92575CF690096C144 /* Helpers */ = {
			isa = PBXGroup;
			children = (
				B9F806EA2575CF810096C144 /* Appearance.swift */,
				B9F806EF2575D0080096C144 /* DefaultAppearance.swift */,
			);
			path = Helpers;
			sourceTree = "<group>";
		};
/* End PBXGroup section */

/* Begin PBXNativeTarget section */
		B90315F925758D7200451892 /* Restaurants */ = {
			isa = PBXNativeTarget;
			buildConfigurationList = B903162425758D7400451892 /* Build configuration list for PBXNativeTarget "Restaurants" */;
			buildPhases = (
				B90315F625758D7200451892 /* Sources */,
				B90315F725758D7200451892 /* Frameworks */,
				B90315F825758D7200451892 /* Resources */,
			);
			buildRules = (
			);
			dependencies = (
			);
			name = Restaurants;
			productName = Restaurants;
			productReference = B90315FA25758D7200451892 /* Restaurants.app */;
			productType = "com.apple.product-type.application";
		};
		B903160F25758D7300451892 /* RestaurantsTests */ = {
			isa = PBXNativeTarget;
			buildConfigurationList = B903162725758D7400451892 /* Build configuration list for PBXNativeTarget "RestaurantsTests" */;
			buildPhases = (
				B903160C25758D7300451892 /* Sources */,
				B903160D25758D7300451892 /* Frameworks */,
				B903160E25758D7300451892 /* Resources */,
			);
			buildRules = (
			);
			dependencies = (
				B903161225758D7400451892 /* PBXTargetDependency */,
			);
			name = RestaurantsTests;
			productName = RestaurantsTests;
			productReference = B903161025758D7400451892 /* RestaurantsTests.xctest */;
			productType = "com.apple.product-type.bundle.unit-test";
		};
/* End PBXNativeTarget section */

/* Begin PBXProject section */
		B90315F225758D7200451892 /* Project object */ = {
			isa = PBXProject;
			attributes = {
				LastSwiftUpdateCheck = 1220;
				LastUpgradeCheck = 1220;
				TargetAttributes = {
					B90315F925758D7200451892 = {
						CreatedOnToolsVersion = 12.2;
					};
					B903160F25758D7300451892 = {
						CreatedOnToolsVersion = 12.2;
						TestTargetID = B90315F925758D7200451892;
					};
				};
			};
			buildConfigurationList = B90315F525758D7200451892 /* Build configuration list for PBXProject "Restaurants" */;
			compatibilityVersion = "Xcode 9.3";
			developmentRegion = en;
			hasScannedForEncodings = 0;
			knownRegions = (
				en,
				Base,
			);
			mainGroup = B90315F125758D7200451892;
			productRefGroup = B90315FB25758D7200451892 /* Products */;
			projectDirPath = "";
			projectRoot = "";
			targets = (
				B90315F925758D7200451892 /* Restaurants */,
				B903160F25758D7300451892 /* RestaurantsTests */,
			);
		};
/* End PBXProject section */

/* Begin PBXResourcesBuildPhase section */
		B90315F825758D7200451892 /* Resources */ = {
			isa = PBXResourcesBuildPhase;
			buildActionMask = 2147483647;
			files = (
				B95E44A92575DF3100C966AE /* README.md in Resources */,
				B9F806F82575D09C0096C144 /* Colors.xcassets in Resources */,
				B9F806AA2575A6B40096C144 /* RestaurantCell.xib in Resources */,
				B95E44AA2575DF3100C966AE /* LICENSE in Resources */,
				B903160A25758D7300451892 /* LaunchScreen.storyboard in Resources */,
				B903160725758D7300451892 /* Assets.xcassets in Resources */,
				B903160525758D7200451892 /* Restaurants.storyboard in Resources */,
			);
			runOnlyForDeploymentPostprocessing = 0;
		};
		B903160E25758D7300451892 /* Resources */ = {
			isa = PBXResourcesBuildPhase;
			buildActionMask = 2147483647;
			files = (
				B9F806BB2575BDC50096C144 /* Restaurants.json in Resources */,
				B9F806B32575BD8E0096C144 /* Restaurant.json in Resources */,
			);
			runOnlyForDeploymentPostprocessing = 0;
		};
/* End PBXResourcesBuildPhase section */

/* Begin PBXSourcesBuildPhase section */
		B90315F625758D7200451892 /* Sources */ = {
			isa = PBXSourcesBuildPhase;
			buildActionMask = 2147483647;
			files = (
				B9F8068F2575A15A0096C144 /* AppRestaurantsViewModel.swift in Sources */,
				B903164225758E4200451892 /* AppRestaurant.swift in Sources */,
				B9F806982575A59A0096C144 /* UIViewController+Extensions.swift in Sources */,
				B9F806F02575D0080096C144 /* DefaultAppearance.swift in Sources */,
				B9031665257599E400451892 /* RestaurantsCoodinator.swift in Sources */,
				B9F806872575A06E0096C144 /* RestaurantsViewModel.swift in Sources */,
				B9F807032575D4FE0096C144 /* RestaurantsController.swift in Sources */,
				B9F806EB2575CF810096C144 /* Appearance.swift in Sources */,
				B903163C25758DD500451892 /* Restaurant.swift in Sources */,
				B9F8069D2575A6160096C144 /* API.swift in Sources */,
				B9F806A92575A6B40096C144 /* RestaurantCell.swift in Sources */,
				B9F806A22575A62A0096C144 /* APIError.swift in Sources */,
				B9031652257592F400451892 /* RestaurantApi.swift in Sources */,
				B90315FE25758D7200451892 /* AppDelegate.swift in Sources */,
				B903168225759CC400451892 /* Observable.swift in Sources */,
				B903160025758D7200451892 /* SceneDelegate.swift in Sources */,
				B903167425759AED00451892 /* StoryboardInstantiable.swift in Sources */,
				B90316602575990700451892 /* Coordinator.swift in Sources */,
			);
			runOnlyForDeploymentPostprocessing = 0;
		};
		B903160C25758D7300451892 /* Sources */ = {
			isa = PBXSourcesBuildPhase;
			buildActionMask = 2147483647;
			files = (
				B9F806CF2575C3630096C144 /* TestViewModel.swift in Sources */,
				B9F806DF2575C8A80096C144 /* TestMiscClasses.swift in Sources */,
				B9F806D42575C6C60096C144 /* TestConcreteAPI.swift in Sources */,
				B9F806C42575BE090096C144 /* MockAPI.swift in Sources */,
				B903161525758D7400451892 /* TestRestaurants.swift in Sources */,
			);
			runOnlyForDeploymentPostprocessing = 0;
		};
/* End PBXSourcesBuildPhase section */

/* Begin PBXTargetDependency section */
		B903161225758D7400451892 /* PBXTargetDependency */ = {
			isa = PBXTargetDependency;
			target = B90315F925758D7200451892 /* Restaurants */;
			targetProxy = B903161125758D7400451892 /* PBXContainerItemProxy */;
		};
/* End PBXTargetDependency section */

/* Begin PBXVariantGroup section */
		B903160325758D7200451892 /* Restaurants.storyboard */ = {
			isa = PBXVariantGroup;
			children = (
				B903160425758D7200451892 /* Base */,
			);
			name = Restaurants.storyboard;
			sourceTree = "<group>";
		};
		B903160825758D7300451892 /* LaunchScreen.storyboard */ = {
			isa = PBXVariantGroup;
			children = (
				B903160925758D7300451892 /* Base */,
			);
			name = LaunchScreen.storyboard;
			sourceTree = "<group>";
		};
/* End PBXVariantGroup section */

/* Begin XCBuildConfiguration section */
		B903162225758D7400451892 /* Debug */ = {
			isa = XCBuildConfiguration;
			buildSettings = {
				ALWAYS_SEARCH_USER_PATHS = NO;
				CLANG_ANALYZER_NONNULL = YES;
				CLANG_ANALYZER_NUMBER_OBJECT_CONVERSION = YES_AGGRESSIVE;
				CLANG_CXX_LANGUAGE_STANDARD = "gnu++14";
				CLANG_CXX_LIBRARY = "libc++";
				CLANG_ENABLE_MODULES = YES;
				CLANG_ENABLE_OBJC_ARC = YES;
				CLANG_ENABLE_OBJC_WEAK = YES;
				CLANG_WARN_BLOCK_CAPTURE_AUTORELEASING = YES;
				CLANG_WARN_BOOL_CONVERSION = YES;
				CLANG_WARN_COMMA = YES;
				CLANG_WARN_CONSTANT_CONVERSION = YES;
				CLANG_WARN_DEPRECATED_OBJC_IMPLEMENTATIONS = YES;
				CLANG_WARN_DIRECT_OBJC_ISA_USAGE = YES_ERROR;
				CLANG_WARN_DOCUMENTATION_COMMENTS = YES;
				CLANG_WARN_EMPTY_BODY = YES;
				CLANG_WARN_ENUM_CONVERSION = YES;
				CLANG_WARN_INFINITE_RECURSION = YES;
				CLANG_WARN_INT_CONVERSION = YES;
				CLANG_WARN_NON_LITERAL_NULL_CONVERSION = YES;
				CLANG_WARN_OBJC_IMPLICIT_RETAIN_SELF = YES;
				CLANG_WARN_OBJC_LITERAL_CONVERSION = YES;
				CLANG_WARN_OBJC_ROOT_CLASS = YES_ERROR;
				CLANG_WARN_QUOTED_INCLUDE_IN_FRAMEWORK_HEADER = YES;
				CLANG_WARN_RANGE_LOOP_ANALYSIS = YES;
				CLANG_WARN_STRICT_PROTOTYPES = YES;
				CLANG_WARN_SUSPICIOUS_MOVE = YES;
				CLANG_WARN_UNGUARDED_AVAILABILITY = YES_AGGRESSIVE;
				CLANG_WARN_UNREACHABLE_CODE = YES;
				CLANG_WARN__DUPLICATE_METHOD_MATCH = YES;
				COPY_PHASE_STRIP = NO;
				DEBUG_INFORMATION_FORMAT = dwarf;
				ENABLE_STRICT_OBJC_MSGSEND = YES;
				ENABLE_TESTABILITY = YES;
				GCC_C_LANGUAGE_STANDARD = gnu11;
				GCC_DYNAMIC_NO_PIC = NO;
				GCC_NO_COMMON_BLOCKS = YES;
				GCC_OPTIMIZATION_LEVEL = 0;
				GCC_PREPROCESSOR_DEFINITIONS = (
					"DEBUG=1",
					"$(inherited)",
				);
				GCC_WARN_64_TO_32_BIT_CONVERSION = YES;
				GCC_WARN_ABOUT_RETURN_TYPE = YES_ERROR;
				GCC_WARN_UNDECLARED_SELECTOR = YES;
				GCC_WARN_UNINITIALIZED_AUTOS = YES_AGGRESSIVE;
				GCC_WARN_UNUSED_FUNCTION = YES;
				GCC_WARN_UNUSED_VARIABLE = YES;
				IPHONEOS_DEPLOYMENT_TARGET = 14.2;
				MTL_ENABLE_DEBUG_INFO = INCLUDE_SOURCE;
				MTL_FAST_MATH = YES;
				ONLY_ACTIVE_ARCH = YES;
				SDKROOT = iphoneos;
				SWIFT_ACTIVE_COMPILATION_CONDITIONS = DEBUG;
				SWIFT_OPTIMIZATION_LEVEL = "-Onone";
			};
			name = Debug;
		};
		B903162325758D7400451892 /* Release */ = {
			isa = XCBuildConfiguration;
			buildSettings = {
				ALWAYS_SEARCH_USER_PATHS = NO;
				CLANG_ANALYZER_NONNULL = YES;
				CLANG_ANALYZER_NUMBER_OBJECT_CONVERSION = YES_AGGRESSIVE;
				CLANG_CXX_LANGUAGE_STANDARD = "gnu++14";
				CLANG_CXX_LIBRARY = "libc++";
				CLANG_ENABLE_MODULES = YES;
				CLANG_ENABLE_OBJC_ARC = YES;
				CLANG_ENABLE_OBJC_WEAK = YES;
				CLANG_WARN_BLOCK_CAPTURE_AUTORELEASING = YES;
				CLANG_WARN_BOOL_CONVERSION = YES;
				CLANG_WARN_COMMA = YES;
				CLANG_WARN_CONSTANT_CONVERSION = YES;
				CLANG_WARN_DEPRECATED_OBJC_IMPLEMENTATIONS = YES;
				CLANG_WARN_DIRECT_OBJC_ISA_USAGE = YES_ERROR;
				CLANG_WARN_DOCUMENTATION_COMMENTS = YES;
				CLANG_WARN_EMPTY_BODY = YES;
				CLANG_WARN_ENUM_CONVERSION = YES;
				CLANG_WARN_INFINITE_RECURSION = YES;
				CLANG_WARN_INT_CONVERSION = YES;
				CLANG_WARN_NON_LITERAL_NULL_CONVERSION = YES;
				CLANG_WARN_OBJC_IMPLICIT_RETAIN_SELF = YES;
				CLANG_WARN_OBJC_LITERAL_CONVERSION = YES;
				CLANG_WARN_OBJC_ROOT_CLASS = YES_ERROR;
				CLANG_WARN_QUOTED_INCLUDE_IN_FRAMEWORK_HEADER = YES;
				CLANG_WARN_RANGE_LOOP_ANALYSIS = YES;
				CLANG_WARN_STRICT_PROTOTYPES = YES;
				CLANG_WARN_SUSPICIOUS_MOVE = YES;
				CLANG_WARN_UNGUARDED_AVAILABILITY = YES_AGGRESSIVE;
				CLANG_WARN_UNREACHABLE_CODE = YES;
				CLANG_WARN__DUPLICATE_METHOD_MATCH = YES;
				COPY_PHASE_STRIP = NO;
				DEBUG_INFORMATION_FORMAT = "dwarf-with-dsym";
				ENABLE_NS_ASSERTIONS = NO;
				ENABLE_STRICT_OBJC_MSGSEND = YES;
				GCC_C_LANGUAGE_STANDARD = gnu11;
				GCC_NO_COMMON_BLOCKS = YES;
				GCC_WARN_64_TO_32_BIT_CONVERSION = YES;
				GCC_WARN_ABOUT_RETURN_TYPE = YES_ERROR;
				GCC_WARN_UNDECLARED_SELECTOR = YES;
				GCC_WARN_UNINITIALIZED_AUTOS = YES_AGGRESSIVE;
				GCC_WARN_UNUSED_FUNCTION = YES;
				GCC_WARN_UNUSED_VARIABLE = YES;
				IPHONEOS_DEPLOYMENT_TARGET = 14.2;
				MTL_ENABLE_DEBUG_INFO = NO;
				MTL_FAST_MATH = YES;
				SDKROOT = iphoneos;
				SWIFT_COMPILATION_MODE = wholemodule;
				SWIFT_OPTIMIZATION_LEVEL = "-O";
				VALIDATE_PRODUCT = YES;
			};
			name = Release;
		};
		B903162525758D7400451892 /* Debug */ = {
			isa = XCBuildConfiguration;
			buildSettings = {
				ASSETCATALOG_COMPILER_APPICON_NAME = AppIcon;
				ASSETCATALOG_COMPILER_GLOBAL_ACCENT_COLOR_NAME = AccentColor;
				CODE_SIGN_STYLE = Automatic;
				DEVELOPMENT_TEAM = MM68ANJS23;
				INFOPLIST_FILE = Restaurants/Resources/Info.plist;
				LD_RUNPATH_SEARCH_PATHS = (
					"$(inherited)",
					"@executable_path/Frameworks",
				);
				PRODUCT_BUNDLE_IDENTIFIER = com.dhomes.Restaurants;
				PRODUCT_NAME = "$(TARGET_NAME)";
				SWIFT_VERSION = 5.0;
				TARGETED_DEVICE_FAMILY = "1,2";
			};
			name = Debug;
		};
		B903162625758D7400451892 /* Release */ = {
			isa = XCBuildConfiguration;
			buildSettings = {
				ASSETCATALOG_COMPILER_APPICON_NAME = AppIcon;
				ASSETCATALOG_COMPILER_GLOBAL_ACCENT_COLOR_NAME = AccentColor;
				CODE_SIGN_STYLE = Automatic;
				DEVELOPMENT_TEAM = MM68ANJS23;
				INFOPLIST_FILE = Restaurants/Resources/Info.plist;
				LD_RUNPATH_SEARCH_PATHS = (
					"$(inherited)",
					"@executable_path/Frameworks",
				);
				PRODUCT_BUNDLE_IDENTIFIER = com.dhomes.Restaurants;
				PRODUCT_NAME = "$(TARGET_NAME)";
				SWIFT_VERSION = 5.0;
				TARGETED_DEVICE_FAMILY = "1,2";
			};
			name = Release;
		};
		B903162825758D7400451892 /* Debug */ = {
			isa = XCBuildConfiguration;
			buildSettings = {
				ALWAYS_EMBED_SWIFT_STANDARD_LIBRARIES = YES;
				BUNDLE_LOADER = "$(TEST_HOST)";
				CODE_SIGN_STYLE = Automatic;
				DEVELOPMENT_TEAM = MM68ANJS23;
				INFOPLIST_FILE = RestaurantsTests/Info.plist;
				IPHONEOS_DEPLOYMENT_TARGET = 14.2;
				LD_RUNPATH_SEARCH_PATHS = (
					"$(inherited)",
					"@executable_path/Frameworks",
					"@loader_path/Frameworks",
				);
				PRODUCT_BUNDLE_IDENTIFIER = com.dhomes.RestaurantsTests;
				PRODUCT_NAME = "$(TARGET_NAME)";
				SWIFT_VERSION = 5.0;
				TARGETED_DEVICE_FAMILY = "1,2";
				TEST_HOST = "$(BUILT_PRODUCTS_DIR)/Restaurants.app/Restaurants";
			};
			name = Debug;
		};
		B903162925758D7400451892 /* Release */ = {
			isa = XCBuildConfiguration;
			buildSettings = {
				ALWAYS_EMBED_SWIFT_STANDARD_LIBRARIES = YES;
				BUNDLE_LOADER = "$(TEST_HOST)";
				CODE_SIGN_STYLE = Automatic;
				DEVELOPMENT_TEAM = MM68ANJS23;
				INFOPLIST_FILE = RestaurantsTests/Info.plist;
				IPHONEOS_DEPLOYMENT_TARGET = 14.2;
				LD_RUNPATH_SEARCH_PATHS = (
					"$(inherited)",
					"@executable_path/Frameworks",
					"@loader_path/Frameworks",
				);
				PRODUCT_BUNDLE_IDENTIFIER = com.dhomes.RestaurantsTests;
				PRODUCT_NAME = "$(TARGET_NAME)";
				SWIFT_VERSION = 5.0;
				TARGETED_DEVICE_FAMILY = "1,2";
				TEST_HOST = "$(BUILT_PRODUCTS_DIR)/Restaurants.app/Restaurants";
			};
			name = Release;
		};
/* End XCBuildConfiguration section */

/* Begin XCConfigurationList section */
		B90315F525758D7200451892 /* Build configuration list for PBXProject "Restaurants" */ = {
			isa = XCConfigurationList;
			buildConfigurations = (
				B903162225758D7400451892 /* Debug */,
				B903162325758D7400451892 /* Release */,
			);
			defaultConfigurationIsVisible = 0;
			defaultConfigurationName = Release;
		};
		B903162425758D7400451892 /* Build configuration list for PBXNativeTarget "Restaurants" */ = {
			isa = XCConfigurationList;
			buildConfigurations = (
				B903162525758D7400451892 /* Debug */,
				B903162625758D7400451892 /* Release */,
			);
			defaultConfigurationIsVisible = 0;
			defaultConfigurationName = Release;
		};
		B903162725758D7400451892 /* Build configuration list for PBXNativeTarget "RestaurantsTests" */ = {
			isa = XCConfigurationList;
			buildConfigurations = (
				B903162825758D7400451892 /* Debug */,
				B903162925758D7400451892 /* Release */,
			);
			defaultConfigurationIsVisible = 0;
			defaultConfigurationName = Release;
		};
/* End XCConfigurationList section */
	};
	rootObject = B90315F225758D7200451892 /* Project object */;
}
